<?xml version="1.0" encoding="utf-8"?>
<Project ToolsVersion="4.0" xmlns="http://schemas.microsoft.com/developer/msbuild/2003">
  <ItemGroup>
    <Filter Include="Headers">
      <UniqueIdentifier>{bb74f10a-ac62-4c26-a337-af355b043d23}</UniqueIdentifier>
    </Filter>
    <Filter Include="Sources">
      <UniqueIdentifier>{bd4858d6-c3bc-4ba6-aa34-1ac049738e24}</UniqueIdentifier>
    </Filter>
    <Filter Include="Resources">
      <UniqueIdentifier>{4a42d4b5-ece8-435a-80ae-fdaf8789be6c}</UniqueIdentifier>
    </Filter>
    <Filter Include="Asm">
      <UniqueIdentifier>{444bee4a-31ff-4881-9c1f-61c8a531ff60}</UniqueIdentifier>
    </Filter>
  </ItemGroup>
  <ItemGroup>
    <ClCompile Include="AddListCtrl.cpp">
      <Filter>Sources</Filter>
    </ClCompile>
    <ClCompile Include="AtexKrat.cpp">
      <Filter>Sources</Filter>
    </ClCompile>
    <ClCompile Include="DrawAdd.cpp">
      <Filter>Sources</Filter>
    </ClCompile>
    <ClCompile Include="DrawDoc.cpp">
      <Filter>Sources</Filter>
    </ClCompile>
    <ClCompile Include="DrawDoc2.cpp">
      <Filter>Sources</Filter>
    </ClCompile>
    <ClCompile Include="DrawObj.cpp">
      <Filter>Sources</Filter>
    </ClCompile>
    <ClCompile Include="DrawOpis.cpp">
      <Filter>Sources</Filter>
    </ClCompile>
    <ClCompile Include="DrawPage.cpp">
      <Filter>Sources</Filter>
    </ClCompile>
    <ClCompile Include="DrawTool.cpp">
      <Filter>Sources</Filter>
    </ClCompile>
    <ClCompile Include="DrawView.cpp">
      <Filter>Sources</Filter>
    </ClCompile>
    <ClCompile Include="Flag.cpp">
      <Filter>Sources</Filter>
    </ClCompile>
    <ClCompile Include="GenEpsInfoDlg.cpp">
      <Filter>Sources</Filter>
    </ClCompile>
    <ClCompile Include="GridFrm.cpp">
      <Filter>Sources</Filter>
    </ClCompile>
    <ClCompile Include="KolDlg.cpp">
      <Filter>Sources</Filter>
    </ClCompile>
    <ClCompile Include="MainFrm.cpp">
      <Filter>Sources</Filter>
    </ClCompile>
    <ClCompile Include="Manam.cpp">
      <Filter>Sources</Filter>
    </ClCompile>
    <ClCompile Include="ManODPNET.cpp">
      <Filter>Sources</Filter>
    </ClCompile>
    <ClCompile Include="ManPDF.cpp">
      <Filter>Sources</Filter>
    </ClCompile>
    <ClCompile Include="ManSock.cpp">
      <Filter>Sources</Filter>
    </ClCompile>
    <ClCompile Include="QueView.cpp">
      <Filter>Sources</Filter>
    </ClCompile>
    <ClCompile Include="Spacer.cpp">
      <Filter>Sources</Filter>
    </ClCompile>
    <ClCompile Include="SplitFrm.cpp">
      <Filter>Sources</Filter>
    </ClCompile>
    <ClCompile Include="StdAfx.cpp">
      <Filter>Sources</Filter>
    </ClCompile>
  </ItemGroup>
  <ItemGroup>
    <ClInclude Include="AddListCtrl.h">
      <Filter>Headers</Filter>
    </ClInclude>
    <ClInclude Include="AtexKrat.h">
      <Filter>Headers</Filter>
    </ClInclude>
    <ClInclude Include="DrawAdd.h">
      <Filter>Headers</Filter>
    </ClInclude>
    <ClInclude Include="DrawDoc.h">
      <Filter>Headers</Filter>
    </ClInclude>
    <ClInclude Include="DrawObj.h">
      <Filter>Headers</Filter>
    </ClInclude>
    <ClInclude Include="DrawOpis.h">
      <Filter>Headers</Filter>
    </ClInclude>
    <ClInclude Include="DrawPage.h">
      <Filter>Headers</Filter>
    </ClInclude>
    <ClInclude Include="DrawTool.h">
      <Filter>Headers</Filter>
    </ClInclude>
    <ClInclude Include="DrawView.h">
      <Filter>Headers</Filter>
    </ClInclude>
    <ClInclude Include="Flag.h">
      <Filter>Headers</Filter>
    </ClInclude>
    <ClInclude Include="GenEpsInfoDlg.h">
      <Filter>Headers</Filter>
    </ClInclude>
    <ClInclude Include="GridFrm.h">
      <Filter>Headers</Filter>
    </ClInclude>
    <ClInclude Include="KolDlg.h">
      <Filter>Headers</Filter>
    </ClInclude>
    <ClInclude Include="MainFrm.h">
      <Filter>Headers</Filter>
    </ClInclude>
    <ClInclude Include="Manam.h">
      <Filter>Headers</Filter>
    </ClInclude>
    <ClInclude Include="ManODPNET.h">
      <Filter>Headers</Filter>
    </ClInclude>
    <ClInclude Include="ManPDF.h">
      <Filter>Headers</Filter>
    </ClInclude>
    <ClInclude Include="ManSock.h">
      <Filter>Headers</Filter>
    </ClInclude>
    <ClInclude Include="QueView.h">
      <Filter>Headers</Filter>
    </ClInclude>
    <ClInclude Include="resource.h">
      <Filter>Headers</Filter>
    </ClInclude>
    <ClInclude Include="Spacer.h">
      <Filter>Headers</Filter>
    </ClInclude>
    <ClInclude Include="SplitFrm.h">
      <Filter>Headers</Filter>
    </ClInclude>
    <ClInclude Include="StdAfx.h">
      <Filter>Headers</Filter>
    </ClInclude>
  </ItemGroup>
  <ItemGroup>
    <MASM Include="Asm\ProcIdx86.asm">
      <Filter>Asm</Filter>
    </MASM>
    <MASM Include="Asm\ProcIdx64.asm">
      <Filter>Asm</Filter>
    </MASM>
  </ItemGroup>
  <ItemGroup>
    <None Include="Res\CAPTION.CUR">
      <Filter>Resources</Filter>
    </None>
    <None Include="Res\DEADLINE.CUR">
      <Filter>Resources</Filter>
    </None>
    <None Include="Res\DRAWDOC.ICO">
      <Filter>Resources</Filter>
    </None>
    <None Include="Res\Flag.cur">
      <Filter>Resources</Filter>
    </None>
    <None Include="Res\gridform.bmp">
      <Filter>Resources</Filter>
    </None>
    <None Include="Res\IDR_CZOB.BMP">
      <Filter>Resources</Filter>
    </None>
    <None Include="Res\IDR_MAIN.BMP">
      <Filter>Resources</Filter>
    </None>
    <None Include="Res\IDR_STUD.BMP">
      <Filter>Resources</Filter>
    </None>
    <None Include="Res\insert.ico">
      <Filter>Resources</Filter>
    </None>
    <None Include="Res\KOLOR.CUR">
      <Filter>Resources</Filter>
    </None>
    <None Include="Res\LOCK.CUR">
      <Filter>Resources</Filter>
    </None>
    <None Include="Res\stateico.bmp">
      <Filter>Resources</Filter>
    </None>
    <None Include="Res\smallico.bmp">
      <Filter>Resources</Filter>
    </None>
    <None Include="Res\RED.CUR">
      <Filter>Resources</Filter>
    </None>
    <None Include="Res\PENCIL.CUR">
      <Filter>Resources</Filter>
    </None>
    <None Include="Res\SPA.CUR">
      <Filter>Resources</Filter>
    </None>
    <None Include="Res\MANAM.ICO">
      <Filter>Resources</Filter>
    </None>
    <None Include="Res\toolbar_main.bmp">
      <Filter>Resources</Filter>
    </None>
  </ItemGroup>
  <ItemGroup>
    <ResourceCompile Include="Manam.rc">
      <Filter>Resources</Filter>
    </ResourceCompile>
  </ItemGroup>
  <ItemGroup>
    <Natvis Include="Manam.natvis">
      <Filter>Resources</Filter>
    </Natvis>
  </ItemGroup>
</Project>